{
  "name": "web-chat",
  "version": "1.0.0",
  "lockfileVersion": 3,
  "requires": true,
  "packages": {
    "": {
      "name": "web-chat",
      "version": "1.0.0",
      "license": "ISC",
      "dependencies": {
        "dotenv": "^17.3.1",
        "websocket.io": "^0.2.1"
      }
    },
    "node_modules/commander": {
      "version": "0.6.1",
      "resolved": "https://registry.npmjs.org/commander/-/commander-0.6.1.tgz",
      "integrity": "sha512-0fLycpl1UMTGX257hRsu/arL/cUbcvQM4zMKwvLvzXtfdezIV4yotPS2dYtknF+NmEfWSoCEF6+hj9XLm/6hEw==",
      "engines": {
        "node": ">= 0.4.x"
      }
    },
    "node_modules/debug": {
      "version": "4.4.3",
      "resolved": "https://registry.npmjs.org/debug/-/debug-4.4.3.tgz",
      "integrity": "sha512-RGwwWnwQvkVfavKVt22FGLw+xYSdzARwm0ru6DhTVA3umU5hZc28V3kO4stgYryrTlLpuvgI9GiijltAjNbcqA==",
      "license": "MIT",
      "dependencies": {
        "ms": "^2.1.3"
      },
      "engines": {
        "node": ">=6.0"
      },
      "peerDependenciesMeta": {
        "supports-color": {
          "optional": true
        }
      }
    },
    "node_modules/dotenv": {
      "version": "17.3.1",
      "resolved": "https://registry.npmjs.org/dotenv/-/dotenv-17.3.1.tgz",
      "integrity": "sha512-IO8C/dzEb6O3F9/twg6ZLXz164a2fhTnEWb95H23Dm4OuN+92NmEAlTrupP9VW6Jm3sO26tQlqyvyi4CsnY9GA==",
      "license": "BSD-2-Clause",
      "engines": {
        "node": ">=12"
      },
      "funding": {
        "url": "https://dotenvx.com"
      }
    },
    "node_modules/ms": {
      "version": "2.1.3",
      "resolved": "https://registry.npmjs.org/ms/-/ms-2.1.3.tgz",
      "integrity": "sha512-6FlzubTLZG3J2a/NVCAleEhjzq5oxgHyaCU9yYXvcLsvoVaHJq/s5xXI6/XXP6tz7R9xAOtHnSO/tXtF3WRTlA==",
      "license": "MIT"
    },
    "node_modules/options": {
      "version": "0.0.6",
      "resolved": "https://registry.npmjs.org/options/-/options-0.0.6.tgz",
      "integrity": "sha512-bOj3L1ypm++N+n7CEbbe473A414AB7z+amKYshRb//iuL3MpdDCLhPnw6aVTdKB9g5ZRVHIEp8eUln6L2NUStg==",
      "engines": {
        "node": ">=0.4.0"
      }
    },
    "node_modules/tinycolor": {
      "version": "0.0.1",
      "resolved": "https://registry.npmjs.org/tinycolor/-/tinycolor-0.0.1.tgz",
      "integrity": "sha512-+CorETse1kl98xg0WAzii8DTT4ABF4R3nquhrkIbVGcw1T8JYs5Gfx9xEfGINPUZGDj9C4BmOtuKeaTtuuRolg==",
      "engines": {
        "node": ">=0.4.0"
      }
    },
    "node_modules/websocket.io": {
      "version": "0.2.1",
      "resolved": "https://registry.npmjs.org/websocket.io/-/websocket.io-0.2.1.tgz",
      "integrity": "sha512-XTg33Asg5U69rfjWTJ6qnwHLBhvpXylJto4tpNMLpHZSZUHLyDvF+OgLpBCwmQLK65txJuPIdqzVvcK89PHw5Q==",
      "dependencies": {
        "debug": "*",
        "ws": "0.4.20"
      },
      "engines": {
        "node": ">=0.4.0"
      }
    },
    "node_modules/ws": {
      "version": "0.4.20",
      "resolved": "https://registry.npmjs.org/ws/-/ws-0.4.20.tgz",
      "integrity": "sha512-tViqnQPBIxGUvY9hdWc6peJtkITHicZnxwBQCAnMx1ADp2zTjKEE2l9usSHU98oGazq/UirOATTuLSektBFpxQ==",
      "hasInstallScript": true,
      "dependencies": {
        "commander": "~0.6.1",
        "options": "latest",
        "tinycolor": "0.x"
      },
      "bin": {
        "wscat": "bin/wscat"
      },
      "engines": {
        "node": ">=0.4.0"
      }
    }
  }
}
